
Microsoft Visual Studio Solution File, Format Version 12.00
# Visual Studio 15
VisualStudioVersion = 15.0.28307.572
MinimumVisualStudioVersion = 10.0.40219.1
Project("{FAE04EC0-301F-11D3-BF4B-00C04F79EFBC}") = "MyDogRace", "MyDogRace\MyDogRace.csproj", "{8FE54262-109F-4022-BDE9-06AA68E82BD6}"
EndProject
Global
	GlobalSection(SolutionConfigurationPlatforms) = preSolution
		Debug|Any CPU = Debug|Any CPU
		Release|Any CPU = Release|Any CPU
	EndGlobalSection
	GlobalSection(ProjectConfigurationPlatforms) = postSolution
		{8FE54262-109F-4022-BDE9-06AA68E82BD6}.Debug|Any CPU.ActiveCfg = Debug|Any CPU
		{8FE54262-109F-4022-BDE9-06AA68E82BD6}.Debug|Any CPU.Build.0 = Debug|Any CPU
		{8FE54262-109F-4022-BDE9-06AA68E82BD6}.Release|Any CPU.ActiveCfg = Release|Any CPU
		{8FE54262-109F-4022-BDE9-06AA68E82BD6}.Release|Any CPU.Build.0 = Release|Any CPU
	EndGlobalSection
	GlobalSection(SolutionProperties) = preSolution
		HideSolutionNode = FALSE
	EndGlobalSection
	GlobalSection(ExtensibilityGlobals) = postSolution
		SolutionGuid = {0D2D0B7B-1F3D-41CB-9CE7-954395ACA22A}
	EndGlobalSection
EndGlobal
